// !$*UTF8*$!
{
	archiveVersion = 1;
	classes = {
	};
	objectVersion = 46;
	objects = {

/* Begin PBXBuildFile section */
		631EC1DF1F27AD7A000B3DFA /* AppDelegate.swift in Sources */ = {isa = PBXBuildFile; fileRef = 631EC1DE1F27AD7A000B3DFA /* AppDelegate.swift */; };
		631EC1E11F27AD7A000B3DFA /* ViewController.swift in Sources */ = {isa = PBXBuildFile; fileRef = 631EC1E01F27AD7A000B3DFA /* ViewController.swift */; };
		631EC1E41F27AD7A000B3DFA /* Main.storyboard in Resources */ = {isa = PBXBuildFile; fileRef = 631EC1E21F27AD7A000B3DFA /* Main.storyboard */; };
		631EC1E71F27AD7A000B3DFA /* Contacts.xcdatamodeld in Sources */ = {isa = PBXBuildFile; fileRef = 631EC1E51F27AD7A000B3DFA /* Contacts.xcdatamodeld */; };
		631EC1E91F27AD7A000B3DFA /* Assets.xcassets in Resources */ = {isa = PBXBuildFile; fileRef = 631EC1E81F27AD7A000B3DFA /* Assets.xcassets */; };
		631EC1EC1F27AD7A000B3DFA /* LaunchScreen.storyboard in Resources */ = {isa = PBXBuildFile; fileRef = 631EC1EA1F27AD7A000B3DFA /* LaunchScreen.storyboard */; };
		631EC1F81F27B670000B3DFA /* ContactTableViewCell.swift in Sources */ = {isa = PBXBuildFile; fileRef = 631EC1F71F27B670000B3DFA /* ContactTableViewCell.swift */; };
		631EC1FA1F27BA67000B3DFA /* ContactTableViewCell.xib in Resources */ = {isa = PBXBuildFile; fileRef = 631EC1F91F27BA67000B3DFA /* ContactTableViewCell.xib */; };
		631EC1FE1F27CFE9000B3DFA /* ContactDetailViewController.swift in Sources */ = {isa = PBXBuildFile; fileRef = 631EC1FD1F27CFE9000B3DFA /* ContactDetailViewController.swift */; };
		631EC2001F27D1EB000B3DFA /* ContactDetailTableViewController.swift in Sources */ = {isa = PBXBuildFile; fileRef = 631EC1FF1F27D1EB000B3DFA /* ContactDetailTableViewController.swift */; };
		63536C541F27D9F2009BF47A /* EditContactViewController.swift in Sources */ = {isa = PBXBuildFile; fileRef = 63536C531F27D9F2009BF47A /* EditContactViewController.swift */; };
		63536C561F27DC91009BF47A /* EditContactTableViewController.swift in Sources */ = {isa = PBXBuildFile; fileRef = 63536C551F27DC91009BF47A /* EditContactTableViewController.swift */; };
/* End PBXBuildFile section */

/* Begin PBXFileReference section */
		631EC1DB1F27AD7A000B3DFA /* Contacts.app */ = {isa = PBXFileReference; explicitFileType = wrapper.application; includeInIndex = 0; path = Contacts.app; sourceTree = BUILT_PRODUCTS_DIR; };
		631EC1DE1F27AD7A000B3DFA /* AppDelegate.swift */ = {isa = PBXFileReference; lastKnownFileType = sourcecode.swift; path = AppDelegate.swift; sourceTree = "<group>"; };
		631EC1E01F27AD7A000B3DFA /* ViewController.swift */ = {isa = PBXFileReference; lastKnownFileType = sourcecode.swift; path = ViewController.swift; sourceTree = "<group>"; };
		631EC1E31F27AD7A000B3DFA /* Base */ = {isa = PBXFileReference; lastKnownFileType = file.storyboard; name = Base; path = Base.lproj/Main.storyboard; sourceTree = "<group>"; };
		631EC1E61F27AD7A000B3DFA /* Contacts.xcdatamodel */ = {isa = PBXFileReference; lastKnownFileType = wrapper.xcdatamodel; path = Contacts.xcdatamodel; sourceTree = "<group>"; };
		631EC1E81F27AD7A000B3DFA /* Assets.xcassets */ = {isa = PBXFileReference; lastKnownFileType = folder.assetcatalog; path = Assets.xcassets; sourceTree = "<group>"; };
		631EC1EB1F27AD7A000B3DFA /* Base */ = {isa = PBXFileReference; lastKnownFileType = file.storyboard; name = Base; path = Base.lproj/LaunchScreen.storyboard; sourceTree = "<group>"; };
		631EC1ED1F27AD7A000B3DFA /* Info.plist */ = {isa = PBXFileReference; lastKnownFileType = text.plist.xml; path = Info.plist; sourceTree = "<group>"; };
		631EC1F71F27B670000B3DFA /* ContactTableViewCell.swift */ = {isa = PBXFileReference; fileEncoding = 4; lastKnownFileType = sourcecode.swift; path = ContactTableViewCell.swift; sourceTree = "<group>"; };
		631EC1F91F27BA67000B3DFA /* ContactTableViewCell.xib */ = {isa = PBXFileReference; fileEncoding = 4; lastKnownFileType = file.xib; path = ContactTableViewCell.xib; sourceTree = "<group>"; };
		631EC1FD1F27CFE9000B3DFA /* ContactDetailViewController.swift */ = {isa = PBXFileReference; fileEncoding = 4; lastKnownFileType = sourcecode.swift; path = ContactDetailViewController.swift; sourceTree = "<group>"; };
		631EC1FF1F27D1EB000B3DFA /* ContactDetailTableViewController.swift */ = {isa = PBXFileReference; fileEncoding = 4; lastKnownFileType = sourcecode.swift; path = ContactDetailTableViewController.swift; sourceTree = "<group>"; };
		63536C531F27D9F2009BF47A /* EditContactViewController.swift */ = {isa = PBXFileReference; fileEncoding = 4; lastKnownFileType = sourcecode.swift; path = EditContactViewController.swift; sourceTree = "<group>"; };
		63536C551F27DC91009BF47A /* EditContactTableViewController.swift */ = {isa = PBXFileReference; fileEncoding = 4; lastKnownFileType = sourcecode.swift; path = EditContactTableViewController.swift; sourceTree = "<group>"; };
/* End PBXFileReference section */

/* Begin PBXFrameworksBuildPhase section */
		631EC1D81F27AD7A000B3DFA /* Frameworks */ = {
			isa = PBXFrameworksBuildPhase;
			buildActionMask = 2147483647;
			files = (
			);
			runOnlyForDeploymentPostprocessing = 0;
		};
/* End PBXFrameworksBuildPhase section */

/* Begin PBXGroup section */
		631EC1D21F27AD7A000B3DFA = {
			isa = PBXGroup;
			children = (
				631EC1DD1F27AD7A000B3DFA /* Contacts */,
				631EC1DC1F27AD7A000B3DFA /* Products */,
			);
			sourceTree = "<group>";
		};
		631EC1DC1F27AD7A000B3DFA /* Products */ = {
			isa = PBXGroup;
			children = (
				631EC1DB1F27AD7A000B3DFA /* Contacts.app */,
			);
			name = Products;
			sourceTree = "<group>";
		};
		631EC1DD1F27AD7A000B3DFA /* Contacts */ = {
			isa = PBXGroup;
			children = (
				631EC1DE1F27AD7A000B3DFA /* AppDelegate.swift */,
				631EC1E21F27AD7A000B3DFA /* Main.storyboard */,
				631EC1EA1F27AD7A000B3DFA /* LaunchScreen.storyboard */,
				631EC1F51F27B54B000B3DFA /* Controllers */,
				631EC1F61F27B566000B3DFA /* Resources */,
				631EC1F91F27BA67000B3DFA /* ContactTableViewCell.xib */,
			);
			path = Contacts;
			sourceTree = "<group>";
		};
		631EC1F51F27B54B000B3DFA /* Controllers */ = {
			isa = PBXGroup;
			children = (
				631EC1E01F27AD7A000B3DFA /* ViewController.swift */,
				631EC1F71F27B670000B3DFA /* ContactTableViewCell.swift */,
				631EC1FD1F27CFE9000B3DFA /* ContactDetailViewController.swift */,
				631EC1FF1F27D1EB000B3DFA /* ContactDetailTableViewController.swift */,
				63536C531F27D9F2009BF47A /* EditContactViewController.swift */,
				63536C551F27DC91009BF47A /* EditContactTableViewController.swift */,
			);
			name = Controllers;
			sourceTree = "<group>";
		};
		631EC1F61F27B566000B3DFA /* Resources */ = {
			isa = PBXGroup;
			children = (
				631EC1E81F27AD7A000B3DFA /* Assets.xcassets */,
				631EC1ED1F27AD7A000B3DFA /* Info.plist */,
				631EC1E51F27AD7A000B3DFA /* Contacts.xcdatamodeld */,
			);
			name = Resources;
			sourceTree = "<group>";
		};
/* End PBXGroup section */

/* Begin PBXNativeTarget section */
		631EC1DA1F27AD7A000B3DFA /* Contacts */ = {
			isa = PBXNativeTarget;
			buildConfigurationList = 631EC1F01F27AD7A000B3DFA /* Build configuration list for PBXNativeTarget "Contacts" */;
			buildPhases = (
				631EC1D71F27AD7A000B3DFA /* Sources */,
				631EC1D81F27AD7A000B3DFA /* Frameworks */,
				631EC1D91F27AD7A000B3DFA /* Resources */,
			);
			buildRules = (
			);
			dependencies = (
			);
			name = Contacts;
			productName = Contacts;
			productReference = 631EC1DB1F27AD7A000B3DFA /* Contacts.app */;
			productType = "com.apple.product-type.application";
		};
/* End PBXNativeTarget section */

/* Begin PBXProject section */
		631EC1D31F27AD7A000B3DFA /* Project object */ = {
			isa = PBXProject;
			attributes = {
				LastSwiftUpdateCheck = 0830;
				LastUpgradeCheck = 0830;
				ORGANIZATIONNAME = "Simon Archer";
				TargetAttributes = {
					631EC1DA1F27AD7A000B3DFA = {
						CreatedOnToolsVersion = 8.3.3;
						DevelopmentTeam = RE8A5334Y5;
						ProvisioningStyle = Automatic;
					};
				};
			};
			buildConfigurationList = 631EC1D61F27AD7A000B3DFA /* Build configuration list for PBXProject "Contacts" */;
			compatibilityVersion = "Xcode 3.2";
			developmentRegion = English;
			hasScannedForEncodings = 0;
			knownRegions = (
				en,
				Base,
			);
			mainGroup = 631EC1D21F27AD7A000B3DFA;
			productRefGroup = 631EC1DC1F27AD7A000B3DFA /* Products */;
			projectDirPath = "";
			projectRoot = "";
			targets = (
				631EC1DA1F27AD7A000B3DFA /* Contacts */,
			);
		};
/* End PBXProject section */

/* Begin PBXResourcesBuildPhase section */
		631EC1D91F27AD7A000B3DFA /* Resources */ = {
			isa = PBXResourcesBuildPhase;
			buildActionMask = 2147483647;
			files = (
				631EC1FA1F27BA67000B3DFA /* ContactTableViewCell.xib in Resources */,
				631EC1EC1F27AD7A000B3DFA /* LaunchScreen.storyboard in Resources */,
				631EC1E91F27AD7A000B3DFA /* Assets.xcassets in Resources */,
				631EC1E41F27AD7A000B3DFA /* Main.storyboard in Resources */,
			);
			runOnlyForDeploymentPostprocessing = 0;
		};
/* End PBXResourcesBuildPhase section */

/* Begin PBXSourcesBuildPhase section */
		631EC1D71F27AD7A000B3DFA /* Sources */ = {
			isa = PBXSourcesBuildPhase;
			buildActionMask = 2147483647;
			files = (
				63536C561F27DC91009BF47A /* EditContactTableViewController.swift in Sources */,
				631EC1E11F27AD7A000B3DFA /* ViewController.swift in Sources */,
				631EC1F81F27B670000B3DFA /* ContactTableViewCell.swift in Sources */,
				63536C541F27D9F2009BF47A /* EditContactViewController.swift in Sources */,
				631EC1DF1F27AD7A000B3DFA /* AppDelegate.swift in Sources */,
				631EC2001F27D1EB000B3DFA /* ContactDetailTableViewController.swift in Sources */,
				631EC1FE1F27CFE9000B3DFA /* ContactDetailViewController.swift in Sources */,
				631EC1E71F27AD7A000B3DFA /* Contacts.xcdatamodeld in Sources */,
			);
			runOnlyForDeploymentPostprocessing = 0;
		};
/* End PBXSourcesBuildPhase section */

/* Begin PBXVariantGroup section */
		631EC1E21F27AD7A000B3DFA /* Main.storyboard */ = {
			isa = PBXVariantGroup;
			children = (
				631EC1E31F27AD7A000B3DFA /* Base */,
			);
			name = Main.storyboard;
			sourceTree = "<group>";
		};
		631EC1EA1F27AD7A000B3DFA /* LaunchScreen.storyboard */ = {
			isa = PBXVariantGroup;
			children = (
				631EC1EB1F27AD7A000B3DFA /* Base */,
			);
			name = LaunchScreen.storyboard;
			sourceTree = "<group>";
		};
/* End PBXVariantGroup section */

/* Begin XCBuildConfiguration section */
		631EC1EE1F27AD7A000B3DFA /* Debug */ = {
			isa = XCBuildConfiguration;
			buildSettings = {
				ALWAYS_SEARCH_USER_PATHS = NO;
				CLANG_ANALYZER_NONNULL = YES;
				CLANG_ANALYZER_NUMBER_OBJECT_CONVERSION = YES_AGGRESSIVE;
				CLANG_CXX_LANGUAGE_STANDARD = "gnu++0x";
				CLANG_CXX_LIBRARY = "libc++";
				CLANG_ENABLE_MODULES = YES;
				CLANG_ENABLE_OBJC_ARC = YES;
				CLANG_WARN_BOOL_CONVERSION = YES;
				CLANG_WARN_CONSTANT_CONVERSION = YES;
				CLANG_WARN_DIRECT_OBJC_ISA_USAGE = YES_ERROR;
				CLANG_WARN_DOCUMENTATION_COMMENTS = YES;
				CLANG_WARN_EMPTY_BODY = YES;
				CLANG_WARN_ENUM_CONVERSION = YES;
				CLANG_WARN_INFINITE_RECURSION = YES;
				CLANG_WARN_INT_CONVERSION = YES;
				CLANG_WARN_OBJC_ROOT_CLASS = YES_ERROR;
				CLANG_WARN_SUSPICIOUS_MOVE = YES;
				CLANG_WARN_UNREACHABLE_CODE = YES;
				CLANG_WARN__DUPLICATE_METHOD_MATCH = YES;
				"CODE_SIGN_IDENTITY[sdk=iphoneos*]" = "iPhone Developer";
				COPY_PHASE_STRIP = NO;
				DEBUG_INFORMATION_FORMAT = dwarf;
				ENABLE_STRICT_OBJC_MSGSEND = YES;
				ENABLE_TESTABILITY = YES;
				GCC_C_LANGUAGE_STANDARD = gnu99;
				GCC_DYNAMIC_NO_PIC = NO;
				GCC_NO_COMMON_BLOCKS = YES;
				GCC_OPTIMIZATION_LEVEL = 0;
				GCC_PREPROCESSOR_DEFINITIONS = (
					"DEBUG=1",
					"$(inherited)",
				);
				GCC_WARN_64_TO_32_BIT_CONVERSION = YES;
				GCC_WARN_ABOUT_RETURN_TYPE = YES_ERROR;
				GCC_WARN_UNDECLARED_SELECTOR = YES;
				GCC_WARN_UNINITIALIZED_AUTOS = YES_AGGRESSIVE;
				GCC_WARN_UNUSED_FUNCTION = YES;
				GCC_WARN_UNUSED_VARIABLE = YES;
				IPHONEOS_DEPLOYMENT_TARGET = 10.3;
				MTL_ENABLE_DEBUG_INFO = YES;
				ONLY_ACTIVE_ARCH = YES;
				SDKROOT = iphoneos;
				SWIFT_ACTIVE_COMPILATION_CONDITIONS = DEBUG;
				SWIFT_OPTIMIZATION_LEVEL = "-Onone";
				TARGETED_DEVICE_FAMILY = "1,2";
			};
			name = Debug;
		};
		631EC1EF1F27AD7A000B3DFA /* Release */ = {
			isa = XCBuildConfiguration;
			buildSettings = {
				ALWAYS_SEARCH_USER_PATHS = NO;
				CLANG_ANALYZER_NONNULL = YES;
				CLANG_ANALYZER_NUMBER_OBJECT_CONVERSION = YES_AGGRESSIVE;
				CLANG_CXX_LANGUAGE_STANDARD = "gnu++0x";
				CLANG_CXX_LIBRARY = "libc++";
				CLANG_ENABLE_MODULES = YES;
				CLANG_ENABLE_OBJC_ARC = YES;
				CLANG_WARN_BOOL_CONVERSION = YES;
				CLANG_WARN_CONSTANT_CONVERSION = YES;
				CLANG_WARN_DIRECT_OBJC_ISA_USAGE = YES_ERROR;
				CLANG_WARN_DOCUMENTATION_COMMENTS = YES;
				CLANG_WARN_EMPTY_BODY = YES;
				CLANG_WARN_ENUM_CONVERSION = YES;
				CLANG_WARN_INFINITE_RECURSION = YES;
				CLANG_WARN_INT_CONVERSION = YES;
				CLANG_WARN_OBJC_ROOT_CLASS = YES_ERROR;
				CLANG_WARN_SUSPICIOUS_MOVE = YES;
				CLANG_WARN_UNREACHABLE_CODE = YES;
				CLANG_WARN__DUPLICATE_METHOD_MATCH = YES;
				"CODE_SIGN_IDENTITY[sdk=iphoneos*]" = "iPhone Developer";
				COPY_PHASE_STRIP = NO;
				DEBUG_INFORMATION_FORMAT = "dwarf-with-dsym";
				ENABLE_NS_ASSERTIONS = NO;
				ENABLE_STRICT_OBJC_MSGSEND = YES;
				GCC_C_LANGUAGE_STANDARD = gnu99;
				GCC_NO_COMMON_BLOCKS = YES;
				GCC_WARN_64_TO_32_BIT_CONVERSION = YES;
				GCC_WARN_ABOUT_RETURN_TYPE = YES_ERROR;
				GCC_WARN_UNDECLARED_SELECTOR = YES;
				GCC_WARN_UNINITIALIZED_AUTOS = YES_AGGRESSIVE;
				GCC_WARN_UNUSED_FUNCTION = YES;
				GCC_WARN_UNUSED_VARIABLE = YES;
				IPHONEOS_DEPLOYMENT_TARGET = 10.3;
				MTL_ENABLE_DEBUG_INFO = NO;
				SDKROOT = iphoneos;
				SWIFT_OPTIMIZATION_LEVEL = "-Owholemodule";
				TARGETED_DEVICE_FAMILY = "1,2";
				VALIDATE_PRODUCT = YES;
			};
			name = Release;
		};
		631EC1F11F27AD7A000B3DFA /* Debug */ = {
			isa = XCBuildConfiguration;
			buildSettings = {
				ASSETCATALOG_COMPILER_APPICON_NAME = AppIcon;
				DEVELOPMENT_TEAM = RE8A5334Y5;
				INFOPLIST_FILE = Contacts/Info.plist;
				LD_RUNPATH_SEARCH_PATHS = "$(inherited) @executable_path/Frameworks";
				PRODUCT_BUNDLE_IDENTIFIER = me.simonarcher.Contacts;
				PRODUCT_NAME = "$(TARGET_NAME)";
				SWIFT_VERSION = 3.0;
			};
			name = Debug;
		};
		631EC1F21F27AD7A000B3DFA /* Release */ = {
			isa = XCBuildConfiguration;
			buildSettings = {
				ASSETCATALOG_COMPILER_APPICON_NAME = AppIcon;
				DEVELOPMENT_TEAM = RE8A5334Y5;
				INFOPLIST_FILE = Contacts/Info.plist;
				LD_RUNPATH_SEARCH_PATHS = "$(inherited) @executable_path/Frameworks";
				PRODUCT_BUNDLE_IDENTIFIER = me.simonarcher.Contacts;
				PRODUCT_NAME = "$(TARGET_NAME)";
				SWIFT_VERSION = 3.0;
			};
			name = Release;
		};
/* End XCBuildConfiguration section */

/* Begin XCConfigurationList section */
		631EC1D61F27AD7A000B3DFA /* Build configuration list for PBXProject "Contacts" */ = {
			isa = XCConfigurationList;
			buildConfigurations = (
				631EC1EE1F27AD7A000B3DFA /* Debug */,
				631EC1EF1F27AD7A000B3DFA /* Release */,
			);
			defaultConfigurationIsVisible = 0;
			defaultConfigurationName = Release;
		};
		631EC1F01F27AD7A000B3DFA /* Build configuration list for PBXNativeTarget "Contacts" */ = {
			isa = XCConfigurationList;
			buildConfigurations = (
				631EC1F11F27AD7A000B3DFA /* Debug */,
				631EC1F21F27AD7A000B3DFA /* Release */,
			);
			defaultConfigurationIsVisible = 0;
			defaultConfigurationName = Release;
		};
/* End XCConfigurationList section */

/* Begin XCVersionGroup section */
		631EC1E51F27AD7A000B3DFA /* Contacts.xcdatamodeld */ = {
			isa = XCVersionGroup;
			children = (
				631EC1E61F27AD7A000B3DFA /* Contacts.xcdatamodel */,
			);
			currentVersion = 631EC1E61F27AD7A000B3DFA /* Contacts.xcdatamodel */;
			path = Contacts.xcdatamodeld;
			sourceTree = "<group>";
			versionGroupType = wrapper.xcdatamodel;
		};
/* End XCVersionGroup section */
	};
	rootObject = 631EC1D31F27AD7A000B3DFA /* Project object */;
}
